
Microsoft Visual Studio Solution File, Format Version 12.00
# Visual Studio Version 17
VisualStudioVersion = 17.7.34031.279
MinimumVisualStudioVersion = 10.0.40219.1
Project("{FAE04EC0-301F-11D3-BF4B-00C04F79EFBC}") = "AplicacionAsma", "AplicacionAsma\AplicacionAsma.csproj", "{5B8C0FD9-D97F-4498-AB24-7FB677C80D2F}"
	ProjectSection(ProjectDependencies) = postProject
		{717B78DF-F0A9-45C5-ABB0-2E063EAA9C7D} = {717B78DF-F0A9-45C5-ABB0-2E063EAA9C7D}
		{DE348622-0B74-4286-A2FF-6ED7FAFBF3F8} = {DE348622-0B74-4286-A2FF-6ED7FAFBF3F8}
	EndProjectSection
EndProject
Project("{9A19103F-16F7-4668-BE54-9A1E7A4F7556}") = "Entidades", "Entidades\Entidades.csproj", "{DE348622-0B74-4286-A2FF-6ED7FAFBF3F8}"
EndProject
Project("{9A19103F-16F7-4668-BE54-9A1E7A4F7556}") = "Negocio", "GestiónAsma\Negocio.csproj", "{717B78DF-F0A9-45C5-ABB0-2E063EAA9C7D}"
	ProjectSection(ProjectDependencies) = postProject
		{A403DBAD-1734-4F9D-A18A-4C906B8FA2DD} = {A403DBAD-1734-4F9D-A18A-4C906B8FA2DD}
		{DE348622-0B74-4286-A2FF-6ED7FAFBF3F8} = {DE348622-0B74-4286-A2FF-6ED7FAFBF3F8}
	EndProjectSection
EndProject
Project("{9A19103F-16F7-4668-BE54-9A1E7A4F7556}") = "Repositorio", "Repositorio\Repositorio.csproj", "{A403DBAD-1734-4F9D-A18A-4C906B8FA2DD}"
	ProjectSection(ProjectDependencies) = postProject
		{DE348622-0B74-4286-A2FF-6ED7FAFBF3F8} = {DE348622-0B74-4286-A2FF-6ED7FAFBF3F8}
	EndProjectSection
EndProject
Project("{FAE04EC0-301F-11D3-BF4B-00C04F79EFBC}") = "Modelo", "Modelo\Modelo.csproj", "{0821BBF0-58E4-46E0-BB60-F7345002142B}"
EndProject
Global
	GlobalSection(SolutionConfigurationPlatforms) = preSolution
		Debug|Any CPU = Debug|Any CPU
		Release|Any CPU = Release|Any CPU
	EndGlobalSection
	GlobalSection(ProjectConfigurationPlatforms) = postSolution
		{5B8C0FD9-D97F-4498-AB24-7FB677C80D2F}.Debug|Any CPU.ActiveCfg = Debug|Any CPU
		{5B8C0FD9-D97F-4498-AB24-7FB677C80D2F}.Debug|Any CPU.Build.0 = Debug|Any CPU
		{5B8C0FD9-D97F-4498-AB24-7FB677C80D2F}.Release|Any CPU.ActiveCfg = Release|Any CPU
		{5B8C0FD9-D97F-4498-AB24-7FB677C80D2F}.Release|Any CPU.Build.0 = Release|Any CPU
		{DE348622-0B74-4286-A2FF-6ED7FAFBF3F8}.Debug|Any CPU.ActiveCfg = Debug|Any CPU
		{DE348622-0B74-4286-A2FF-6ED7FAFBF3F8}.Debug|Any CPU.Build.0 = Debug|Any CPU
		{DE348622-0B74-4286-A2FF-6ED7FAFBF3F8}.Release|Any CPU.ActiveCfg = Release|Any CPU
		{DE348622-0B74-4286-A2FF-6ED7FAFBF3F8}.Release|Any CPU.Build.0 = Release|Any CPU
		{717B78DF-F0A9-45C5-ABB0-2E063EAA9C7D}.Debug|Any CPU.ActiveCfg = Debug|Any CPU
		{717B78DF-F0A9-45C5-ABB0-2E063EAA9C7D}.Debug|Any CPU.Build.0 = Debug|Any CPU
		{717B78DF-F0A9-45C5-ABB0-2E063EAA9C7D}.Release|Any CPU.ActiveCfg = Release|Any CPU
		{717B78DF-F0A9-45C5-ABB0-2E063EAA9C7D}.Release|Any CPU.Build.0 = Release|Any CPU
		{A403DBAD-1734-4F9D-A18A-4C906B8FA2DD}.Debug|Any CPU.ActiveCfg = Debug|Any CPU
		{A403DBAD-1734-4F9D-A18A-4C906B8FA2DD}.Debug|Any CPU.Build.0 = Debug|Any CPU
		{A403DBAD-1734-4F9D-A18A-4C906B8FA2DD}.Release|Any CPU.ActiveCfg = Release|Any CPU
		{A403DBAD-1734-4F9D-A18A-4C906B8FA2DD}.Release|Any CPU.Build.0 = Release|Any CPU
		{0821BBF0-58E4-46E0-BB60-F7345002142B}.Debug|Any CPU.ActiveCfg = Debug|Any CPU
		{0821BBF0-58E4-46E0-BB60-F7345002142B}.Debug|Any CPU.Build.0 = Debug|Any CPU
		{0821BBF0-58E4-46E0-BB60-F7345002142B}.Release|Any CPU.ActiveCfg = Release|Any CPU
		{0821BBF0-58E4-46E0-BB60-F7345002142B}.Release|Any CPU.Build.0 = Release|Any CPU
	EndGlobalSection
	GlobalSection(SolutionProperties) = preSolution
		HideSolutionNode = FALSE
	EndGlobalSection
	GlobalSection(ExtensibilityGlobals) = postSolution
		SolutionGuid = {CED1C593-BBE5-4A0F-8976-963EACEC772B}
	EndGlobalSection
EndGlobal
